
Microsoft Visual Studio Solution File, Format Version 12.00
# Visual Studio Version 16
VisualStudioVersion = 16.0.29728.190
MinimumVisualStudioVersion = 10.0.40219.1
Project("{FAE04EC0-301F-11D3-BF4B-00C04F79EFBC}") = "HorrorMaze", "HorrorMaze\HorrorMaze.csproj", "{F5516B00-BECE-4296-96A4-7D9BC3989926}"
	ProjectSection(ProjectDependencies) = postProject
		{51211999-1CD2-4560-B9FA-D23943CD5FB3} = {51211999-1CD2-4560-B9FA-D23943CD5FB3}
	EndProjectSection
EndProject
Project("{FAE04EC0-301F-11D3-BF4B-00C04F79EFBC}") = "MathLibrary", "MathLibrary\MathLibrary.csproj", "{51211999-1CD2-4560-B9FA-D23943CD5FB3}"
EndProject
Global
	GlobalSection(SolutionConfigurationPlatforms) = preSolution
		Debug|Any CPU = Debug|Any CPU
		Release|Any CPU = Release|Any CPU
	EndGlobalSection
	GlobalSection(ProjectConfigurationPlatforms) = postSolution
		{F5516B00-BECE-4296-96A4-7D9BC3989926}.Debug|Any CPU.ActiveCfg = Debug|Any CPU
		{F5516B00-BECE-4296-96A4-7D9BC3989926}.Debug|Any CPU.Build.0 = Debug|Any CPU
		{F5516B00-BECE-4296-96A4-7D9BC3989926}.Release|Any CPU.ActiveCfg = Release|Any CPU
		{F5516B00-BECE-4296-96A4-7D9BC3989926}.Release|Any CPU.Build.0 = Release|Any CPU
		{51211999-1CD2-4560-B9FA-D23943CD5FB3}.Debug|Any CPU.ActiveCfg = Debug|Any CPU
		{51211999-1CD2-4560-B9FA-D23943CD5FB3}.Debug|Any CPU.Build.0 = Debug|Any CPU
		{51211999-1CD2-4560-B9FA-D23943CD5FB3}.Release|Any CPU.ActiveCfg = Release|Any CPU
		{51211999-1CD2-4560-B9FA-D23943CD5FB3}.Release|Any CPU.Build.0 = Release|Any CPU
	EndGlobalSection
	GlobalSection(SolutionProperties) = preSolution
		HideSolutionNode = FALSE
	EndGlobalSection
	GlobalSection(ExtensibilityGlobals) = postSolution
		SolutionGuid = {44EBED6D-4082-40BA-8230-65BEC9F293E8}
	EndGlobalSection
EndGlobal
